
Microsoft Visual Studio Solution File, Format Version 12.00
# Visual Studio Version 16
VisualStudioVersion = 16.0.30406.217
MinimumVisualStudioVersion = 10.0.40219.1
Project("{FAE04EC0-301F-11D3-BF4B-00C04F79EFBC}") = "Api", "Api\Api.csproj", "{4E72FBE2-2BE6-4791-9B34-AAE396280B0F}"
EndProject
Project("{FAE04EC0-301F-11D3-BF4B-00C04F79EFBC}") = "Domain", "Domain\Domain.csproj", "{70CFF343-5731-4823-8805-11110D4AB8BE}"
EndProject
Project("{FAE04EC0-301F-11D3-BF4B-00C04F79EFBC}") = "Application", "Application\Application.csproj", "{36D9D878-A14B-48AE-A8C5-D02084786B34}"
EndProject
Global
	GlobalSection(SolutionConfigurationPlatforms) = preSolution
		Debug|Any CPU = Debug|Any CPU
		Release|Any CPU = Release|Any CPU
	EndGlobalSection
	GlobalSection(ProjectConfigurationPlatforms) = postSolution
		{4E72FBE2-2BE6-4791-9B34-AAE396280B0F}.Debug|Any CPU.ActiveCfg = Debug|Any CPU
		{4E72FBE2-2BE6-4791-9B34-AAE396280B0F}.Debug|Any CPU.Build.0 = Debug|Any CPU
		{4E72FBE2-2BE6-4791-9B34-AAE396280B0F}.Release|Any CPU.ActiveCfg = Release|Any CPU
		{4E72FBE2-2BE6-4791-9B34-AAE396280B0F}.Release|Any CPU.Build.0 = Release|Any CPU
		{70CFF343-5731-4823-8805-11110D4AB8BE}.Debug|Any CPU.ActiveCfg = Debug|Any CPU
		{70CFF343-5731-4823-8805-11110D4AB8BE}.Debug|Any CPU.Build.0 = Debug|Any CPU
		{70CFF343-5731-4823-8805-11110D4AB8BE}.Release|Any CPU.ActiveCfg = Release|Any CPU
		{70CFF343-5731-4823-8805-11110D4AB8BE}.Release|Any CPU.Build.0 = Release|Any CPU
		{36D9D878-A14B-48AE-A8C5-D02084786B34}.Debug|Any CPU.ActiveCfg = Debug|Any CPU
		{36D9D878-A14B-48AE-A8C5-D02084786B34}.Debug|Any CPU.Build.0 = Debug|Any CPU
		{36D9D878-A14B-48AE-A8C5-D02084786B34}.Release|Any CPU.ActiveCfg = Release|Any CPU
		{36D9D878-A14B-48AE-A8C5-D02084786B34}.Release|Any CPU.Build.0 = Release|Any CPU
	EndGlobalSection
	GlobalSection(SolutionProperties) = preSolution
		HideSolutionNode = FALSE
	EndGlobalSection
	GlobalSection(ExtensibilityGlobals) = postSolution
		SolutionGuid = {985ABB31-BFAD-4D2F-B49C-D63A08D20360}
	EndGlobalSection
EndGlobal
